
Microsoft Visual Studio Solution File, Format Version 12.00
# Visual Studio Version 17
VisualStudioVersion = 17.3.32929.385
MinimumVisualStudioVersion = 10.0.40219.1
Project("{FAE04EC0-301F-11D3-BF4B-00C04F79EFBC}") = "APP_DACS_QLKTX", "APP_DACS_QLKTX\APP_DACS_QLKTX.csproj", "{688DCE60-5AAE-4786-A17A-6A25013859DA}"
EndProject
Global
	GlobalSection(SolutionConfigurationPlatforms) = preSolution
		Debug|Any CPU = Debug|Any CPU
		Release|Any CPU = Release|Any CPU
	EndGlobalSection
	GlobalSection(ProjectConfigurationPlatforms) = postSolution
		{688DCE60-5AAE-4786-A17A-6A25013859DA}.Debug|Any CPU.ActiveCfg = Debug|Any CPU
		{688DCE60-5AAE-4786-A17A-6A25013859DA}.Debug|Any CPU.Build.0 = Debug|Any CPU
		{688DCE60-5AAE-4786-A17A-6A25013859DA}.Release|Any CPU.ActiveCfg = Release|Any CPU
		{688DCE60-5AAE-4786-A17A-6A25013859DA}.Release|Any CPU.Build.0 = Release|Any CPU
	EndGlobalSection
	GlobalSection(SolutionProperties) = preSolution
		HideSolutionNode = FALSE
	EndGlobalSection
	GlobalSection(ExtensibilityGlobals) = postSolution
		SolutionGuid = {255ECE91-B112-4F9B-9247-22115653DA6F}
	EndGlobalSection
EndGlobal
